github.com/go-log/log v0.2.0 h1:z8i91GBudxD5L3RmF0KVpetCbcGWAV7q1Tw1eRwQM9Q=
github.com/go-log/log v0.2.0/go.mod h1:xzCnwajcues/6w7lne3yK2QU7DBPW7kqbgPGG5AF65U=
github.com/gorilla/websocket v1.5.0 h1:PPwGk2jz7EePpoHN/+ClbZu8SPxiqlu12wZP/3sWmnc=
github.com/gorilla/websocket v1.5.0/go.mod h1:YR8l580nyteQvAITg2hZ9XVh4b55+EU/adAjf1fMHhE=
github.com/sylabs/json-resp v0.8.0 h1:bZ932uaF220aPqT0+x/vakoaGCGNbpLCjUFm1f+JKlY=
github.com/sylabs/json-resp v0.8.0/go.mod h1:bUGV9cqShOyxz7RxBq03Yt9raKGfELKrfN6Yac3lfiw=
